// !$*UTF8*$!
{
    archiveVersion = 1;
    classes = {};
    objectVersion = 46;
    rootObject = __RootObject_;
    objects = {
        __RootObject_ = {
            isa = PBXProject;
            attributes = {LastUpgradeCheck = 9999;};
            buildConfigurationList = ___RootConfs_;
            compatibilityVersion = 'Xcode 3.2';
            developmentRegion = English;
            hasScannedForEncodings = 0;
            knownRegions = (en);
            mainGroup = ___RootGroup_;
            productRefGroup = ____Products_;
            projectDirPath = '';
            projectRoot = '';
            targets = (______Target_CLibvenice, ______Target_C7, ______Target_Venice, ______Target_POSIX, ______Target_IP, ______Target_TCP, ______Target_Redis);
        };
        '__PBXFileRef_Package.swift' = {
            isa = PBXFileReference;
            lastKnownFileType = sourcecode.swift;
            name = 'Package.swift';
            path = 'Package.swift';
            sourceTree = '<group>';
        };
        ___RootGroup_ = {
            isa = PBXGroup;
            children = ('__PBXFileRef_Package.swift', _____Configs_, _____Sources_, Dependencies_, _______Tests_, ____Products_);
            sourceTree = '<group>';
        };
        _______Group_CLibvenice = {
            isa = PBXGroup;
            name = CLibvenice;
            path = 'Packages/CLibvenice-0.5.1/Sources';
            sourceTree = '<group>';
            children = ('__PBXFileRef_Packages/CLibvenice-0.5.1/Sources/chan.c', '__PBXFileRef_Packages/CLibvenice-0.5.1/Sources/cr.c', '__PBXFileRef_Packages/CLibvenice-0.5.1/Sources/debug.c', '__PBXFileRef_Packages/CLibvenice-0.5.1/Sources/dns.c', '__PBXFileRef_Packages/CLibvenice-0.5.1/Sources/file.c', '__PBXFileRef_Packages/CLibvenice-0.5.1/Sources/ip.c', '__PBXFileRef_Packages/CLibvenice-0.5.1/Sources/list.c', '__PBXFileRef_Packages/CLibvenice-0.5.1/Sources/poller.c', '__PBXFileRef_Packages/CLibvenice-0.5.1/Sources/slist.c', '__PBXFileRef_Packages/CLibvenice-0.5.1/Sources/stack.c', '__PBXFileRef_Packages/CLibvenice-0.5.1/Sources/tcp.c', '__PBXFileRef_Packages/CLibvenice-0.5.1/Sources/timer.c', '__PBXFileRef_Packages/CLibvenice-0.5.1/Sources/udp.c', '__PBXFileRef_Packages/CLibvenice-0.5.1/Sources/unix.c');
        };
        '__PBXFileRef_Packages/CLibvenice-0.5.1/Sources/chan.c' = {
            isa = PBXFileReference;
            lastKnownFileType = sourcecode.c.c;
            name = 'chan.c';
            sourceTree = '<group>';
        };
        '__PBXFileRef_Packages/CLibvenice-0.5.1/Sources/cr.c' = {
            isa = PBXFileReference;
            lastKnownFileType = sourcecode.c.c;
            name = 'cr.c';
            sourceTree = '<group>';
        };
        '__PBXFileRef_Packages/CLibvenice-0.5.1/Sources/debug.c' = {
            isa = PBXFileReference;
            lastKnownFileType = sourcecode.c.c;
            name = 'debug.c';
            sourceTree = '<group>';
        };
        '__PBXFileRef_Packages/CLibvenice-0.5.1/Sources/dns.c' = {
            isa = PBXFileReference;
            lastKnownFileType = sourcecode.c.c;
            name = 'dns.c';
            sourceTree = '<group>';
        };
        '__PBXFileRef_Packages/CLibvenice-0.5.1/Sources/file.c' = {
            isa = PBXFileReference;
            lastKnownFileType = sourcecode.c.c;
            name = 'file.c';
            sourceTree = '<group>';
        };
        '__PBXFileRef_Packages/CLibvenice-0.5.1/Sources/ip.c' = {
            isa = PBXFileReference;
            lastKnownFileType = sourcecode.c.c;
            name = 'ip.c';
            sourceTree = '<group>';
        };
        '__PBXFileRef_Packages/CLibvenice-0.5.1/Sources/list.c' = {
            isa = PBXFileReference;
            lastKnownFileType = sourcecode.c.c;
            name = 'list.c';
            sourceTree = '<group>';
        };
        '__PBXFileRef_Packages/CLibvenice-0.5.1/Sources/poller.c' = {
            isa = PBXFileReference;
            lastKnownFileType = sourcecode.c.c;
            name = 'poller.c';
            sourceTree = '<group>';
        };
        '__PBXFileRef_Packages/CLibvenice-0.5.1/Sources/slist.c' = {
            isa = PBXFileReference;
            lastKnownFileType = sourcecode.c.c;
            name = 'slist.c';
            sourceTree = '<group>';
        };
        '__PBXFileRef_Packages/CLibvenice-0.5.1/Sources/stack.c' = {
            isa = PBXFileReference;
            lastKnownFileType = sourcecode.c.c;
            name = 'stack.c';
            sourceTree = '<group>';
        };
        '__PBXFileRef_Packages/CLibvenice-0.5.1/Sources/tcp.c' = {
            isa = PBXFileReference;
            lastKnownFileType = sourcecode.c.c;
            name = 'tcp.c';
            sourceTree = '<group>';
        };
        '__PBXFileRef_Packages/CLibvenice-0.5.1/Sources/timer.c' = {
            isa = PBXFileReference;
            lastKnownFileType = sourcecode.c.c;
            name = 'timer.c';
            sourceTree = '<group>';
        };
        '__PBXFileRef_Packages/CLibvenice-0.5.1/Sources/udp.c' = {
            isa = PBXFileReference;
            lastKnownFileType = sourcecode.c.c;
            name = 'udp.c';
            sourceTree = '<group>';
        };
        '__PBXFileRef_Packages/CLibvenice-0.5.1/Sources/unix.c' = {
            isa = PBXFileReference;
            lastKnownFileType = sourcecode.c.c;
            name = 'unix.c';
            sourceTree = '<group>';
        };
        ______Target_CLibvenice = {
            isa = PBXNativeTarget;
            buildConfigurationList = _______Confs_CLibvenice;
            buildPhases = (CompilePhase_CLibvenice, ___LinkPhase_CLibvenice);
            buildRules = ();
            dependencies = ();
            name = CLibvenice;
            productName = CLibvenice;
            productReference = _____Product_CLibvenice;
            productType = 'com.apple.product-type.library.dynamic';
        };
        _____Product_CLibvenice = {
            isa = PBXFileReference;
            explicitFileType = 'compiled.mach-o.dylib';
            path = 'libCLibvenice.dylib';
            sourceTree = BUILT_PRODUCTS_DIR;
        };
        CompilePhase_CLibvenice = {
            isa = PBXSourcesBuildPhase;
            files = ('__src_cc_ref_Packages/CLibvenice-0.5.1/Sources/chan.c', '__src_cc_ref_Packages/CLibvenice-0.5.1/Sources/cr.c', '__src_cc_ref_Packages/CLibvenice-0.5.1/Sources/debug.c', '__src_cc_ref_Packages/CLibvenice-0.5.1/Sources/dns.c', '__src_cc_ref_Packages/CLibvenice-0.5.1/Sources/file.c', '__src_cc_ref_Packages/CLibvenice-0.5.1/Sources/ip.c', '__src_cc_ref_Packages/CLibvenice-0.5.1/Sources/list.c', '__src_cc_ref_Packages/CLibvenice-0.5.1/Sources/poller.c', '__src_cc_ref_Packages/CLibvenice-0.5.1/Sources/slist.c', '__src_cc_ref_Packages/CLibvenice-0.5.1/Sources/stack.c', '__src_cc_ref_Packages/CLibvenice-0.5.1/Sources/tcp.c', '__src_cc_ref_Packages/CLibvenice-0.5.1/Sources/timer.c', '__src_cc_ref_Packages/CLibvenice-0.5.1/Sources/udp.c', '__src_cc_ref_Packages/CLibvenice-0.5.1/Sources/unix.c');
            runOnlyForDeploymentPostprocessing = 0;
        };
        '__src_cc_ref_Packages/CLibvenice-0.5.1/Sources/chan.c' = {
            isa = PBXBuildFile;
            fileRef = '__PBXFileRef_Packages/CLibvenice-0.5.1/Sources/chan.c';
        };
        '__src_cc_ref_Packages/CLibvenice-0.5.1/Sources/cr.c' = {
            isa = PBXBuildFile;
            fileRef = '__PBXFileRef_Packages/CLibvenice-0.5.1/Sources/cr.c';
        };
        '__src_cc_ref_Packages/CLibvenice-0.5.1/Sources/debug.c' = {
            isa = PBXBuildFile;
            fileRef = '__PBXFileRef_Packages/CLibvenice-0.5.1/Sources/debug.c';
        };
        '__src_cc_ref_Packages/CLibvenice-0.5.1/Sources/dns.c' = {
            isa = PBXBuildFile;
            fileRef = '__PBXFileRef_Packages/CLibvenice-0.5.1/Sources/dns.c';
        };
        '__src_cc_ref_Packages/CLibvenice-0.5.1/Sources/file.c' = {
            isa = PBXBuildFile;
            fileRef = '__PBXFileRef_Packages/CLibvenice-0.5.1/Sources/file.c';
        };
        '__src_cc_ref_Packages/CLibvenice-0.5.1/Sources/ip.c' = {
            isa = PBXBuildFile;
            fileRef = '__PBXFileRef_Packages/CLibvenice-0.5.1/Sources/ip.c';
        };
        '__src_cc_ref_Packages/CLibvenice-0.5.1/Sources/list.c' = {
            isa = PBXBuildFile;
            fileRef = '__PBXFileRef_Packages/CLibvenice-0.5.1/Sources/list.c';
        };
        '__src_cc_ref_Packages/CLibvenice-0.5.1/Sources/poller.c' = {
            isa = PBXBuildFile;
            fileRef = '__PBXFileRef_Packages/CLibvenice-0.5.1/Sources/poller.c';
        };
        '__src_cc_ref_Packages/CLibvenice-0.5.1/Sources/slist.c' = {
            isa = PBXBuildFile;
            fileRef = '__PBXFileRef_Packages/CLibvenice-0.5.1/Sources/slist.c';
        };
        '__src_cc_ref_Packages/CLibvenice-0.5.1/Sources/stack.c' = {
            isa = PBXBuildFile;
            fileRef = '__PBXFileRef_Packages/CLibvenice-0.5.1/Sources/stack.c';
        };
        '__src_cc_ref_Packages/CLibvenice-0.5.1/Sources/tcp.c' = {
            isa = PBXBuildFile;
            fileRef = '__PBXFileRef_Packages/CLibvenice-0.5.1/Sources/tcp.c';
        };
        '__src_cc_ref_Packages/CLibvenice-0.5.1/Sources/timer.c' = {
            isa = PBXBuildFile;
            fileRef = '__PBXFileRef_Packages/CLibvenice-0.5.1/Sources/timer.c';
        };
        '__src_cc_ref_Packages/CLibvenice-0.5.1/Sources/udp.c' = {
            isa = PBXBuildFile;
            fileRef = '__PBXFileRef_Packages/CLibvenice-0.5.1/Sources/udp.c';
        };
        '__src_cc_ref_Packages/CLibvenice-0.5.1/Sources/unix.c' = {
            isa = PBXBuildFile;
            fileRef = '__PBXFileRef_Packages/CLibvenice-0.5.1/Sources/unix.c';
        };
        ___LinkPhase_CLibvenice = {
            isa = PBXFrameworksBuildPhase;
            files = ();
            runOnlyForDeploymentPostprocessing = 0;
        };
        _______Confs_CLibvenice = {
            isa = XCConfigurationList;
            buildConfigurations = (___DebugConf_CLibvenice, _ReleaseConf_CLibvenice);
            defaultConfigurationIsVisible = 0;
            defaultConfigurationName = Debug;
        };
        ___DebugConf_CLibvenice = {
            isa = XCBuildConfiguration;
            buildSettings = { LD_RUNPATH_SEARCH_PATHS = '$(TOOLCHAIN_DIR)/usr/lib/swift/macosx'; PRODUCT_MODULE_NAME = '$(TARGET_NAME:c99extidentifier)'; ENABLE_TESTABILITY = 'YES'; OTHER_SWIFT_FLAGS = '$(inherited)'; SWIFT_OPTIMIZATION_LEVEL = '-Onone'; OTHER_LDFLAGS = '$(inherited)'; PRODUCT_NAME = 'lib$(TARGET_NAME)'; };
            name = Debug;
        };
        _ReleaseConf_CLibvenice = {
            isa = XCBuildConfiguration;
            buildSettings = { LD_RUNPATH_SEARCH_PATHS = '$(TOOLCHAIN_DIR)/usr/lib/swift/macosx'; PRODUCT_MODULE_NAME = '$(TARGET_NAME:c99extidentifier)'; ENABLE_TESTABILITY = 'YES'; OTHER_LDFLAGS = '$(inherited)'; PRODUCT_NAME = 'lib$(TARGET_NAME)'; OTHER_SWIFT_FLAGS = '$(inherited)'; };
            name = Release;
        };
        __Dependency_CLibvenice = {
            isa = PBXTargetDependency;
            target = ______Target_CLibvenice;
        };
        _______Group_C7 = {
            isa = PBXGroup;
            name = C7;
            path = 'Packages/C7-0.8.1/Sources';
            sourceTree = '<group>';
            children = ('__PBXFileRef_Packages/C7-0.8.1/Sources/AsyncConnection.swift', '__PBXFileRef_Packages/C7-0.8.1/Sources/AsyncDrain.swift', '__PBXFileRef_Packages/C7-0.8.1/Sources/AsyncHost.swift', '__PBXFileRef_Packages/C7-0.8.1/Sources/AsyncStream.swift', '__PBXFileRef_Packages/C7-0.8.1/Sources/AsyncURIConnection.swift', '__PBXFileRef_Packages/C7-0.8.1/Sources/Byte.swift', '__PBXFileRef_Packages/C7-0.8.1/Sources/C7.swift', '__PBXFileRef_Packages/C7-0.8.1/Sources/CaseInsensitiveString.swift', '__PBXFileRef_Packages/C7-0.8.1/Sources/Closable.swift', '__PBXFileRef_Packages/C7-0.8.1/Sources/Connection.swift', '__PBXFileRef_Packages/C7-0.8.1/Sources/CustomDataStore.swift', '__PBXFileRef_Packages/C7-0.8.1/Sources/Data.swift', '__PBXFileRef_Packages/C7-0.8.1/Sources/Drain.swift', '__PBXFileRef_Packages/C7-0.8.1/Sources/Host.swift', '__PBXFileRef_Packages/C7-0.8.1/Sources/JSON.swift', '__PBXFileRef_Packages/C7-0.8.1/Sources/Number.swift', '__PBXFileRef_Packages/C7-0.8.1/Sources/Stream.swift', '__PBXFileRef_Packages/C7-0.8.1/Sources/StreamError.swift', '__PBXFileRef_Packages/C7-0.8.1/Sources/StreamSequence.swift', '__PBXFileRef_Packages/C7-0.8.1/Sources/StructuredData.swift', '__PBXFileRef_Packages/C7-0.8.1/Sources/Time.swift', '__PBXFileRef_Packages/C7-0.8.1/Sources/URI.swift', '__PBXFileRef_Packages/C7-0.8.1/Sources/URIConnection.swift');
        };
        '__PBXFileRef_Packages/C7-0.8.1/Sources/AsyncConnection.swift' = {
            isa = PBXFileReference;
            lastKnownFileType = sourcecode.swift;
            name = 'AsyncConnection.swift';
            sourceTree = '<group>';
        };
        '__PBXFileRef_Packages/C7-0.8.1/Sources/AsyncDrain.swift' = {
            isa = PBXFileReference;
            lastKnownFileType = sourcecode.swift;
            name = 'AsyncDrain.swift';
            sourceTree = '<group>';
        };
        '__PBXFileRef_Packages/C7-0.8.1/Sources/AsyncHost.swift' = {
            isa = PBXFileReference;
            lastKnownFileType = sourcecode.swift;
            name = 'AsyncHost.swift';
            sourceTree = '<group>';
        };
        '__PBXFileRef_Packages/C7-0.8.1/Sources/AsyncStream.swift' = {
            isa = PBXFileReference;
            lastKnownFileType = sourcecode.swift;
            name = 'AsyncStream.swift';
            sourceTree = '<group>';
        };
        '__PBXFileRef_Packages/C7-0.8.1/Sources/AsyncURIConnection.swift' = {
            isa = PBXFileReference;
            lastKnownFileType = sourcecode.swift;
            name = 'AsyncURIConnection.swift';
            sourceTree = '<group>';
        };
        '__PBXFileRef_Packages/C7-0.8.1/Sources/Byte.swift' = {
            isa = PBXFileReference;
            lastKnownFileType = sourcecode.swift;
            name = 'Byte.swift';
            sourceTree = '<group>';
        };
        '__PBXFileRef_Packages/C7-0.8.1/Sources/C7.swift' = {
            isa = PBXFileReference;
            lastKnownFileType = sourcecode.swift;
            name = 'C7.swift';
            sourceTree = '<group>';
        };
        '__PBXFileRef_Packages/C7-0.8.1/Sources/CaseInsensitiveString.swift' = {
            isa = PBXFileReference;
            lastKnownFileType = sourcecode.swift;
            name = 'CaseInsensitiveString.swift';
            sourceTree = '<group>';
        };
        '__PBXFileRef_Packages/C7-0.8.1/Sources/Closable.swift' = {
            isa = PBXFileReference;
            lastKnownFileType = sourcecode.swift;
            name = 'Closable.swift';
            sourceTree = '<group>';
        };
        '__PBXFileRef_Packages/C7-0.8.1/Sources/Connection.swift' = {
            isa = PBXFileReference;
            lastKnownFileType = sourcecode.swift;
            name = 'Connection.swift';
            sourceTree = '<group>';
        };
        '__PBXFileRef_Packages/C7-0.8.1/Sources/CustomDataStore.swift' = {
            isa = PBXFileReference;
            lastKnownFileType = sourcecode.swift;
            name = 'CustomDataStore.swift';
            sourceTree = '<group>';
        };
        '__PBXFileRef_Packages/C7-0.8.1/Sources/Data.swift' = {
            isa = PBXFileReference;
            lastKnownFileType = sourcecode.swift;
            name = 'Data.swift';
            sourceTree = '<group>';
        };
        '__PBXFileRef_Packages/C7-0.8.1/Sources/Drain.swift' = {
            isa = PBXFileReference;
            lastKnownFileType = sourcecode.swift;
            name = 'Drain.swift';
            sourceTree = '<group>';
        };
        '__PBXFileRef_Packages/C7-0.8.1/Sources/Host.swift' = {
            isa = PBXFileReference;
            lastKnownFileType = sourcecode.swift;
            name = 'Host.swift';
            sourceTree = '<group>';
        };
        '__PBXFileRef_Packages/C7-0.8.1/Sources/JSON.swift' = {
            isa = PBXFileReference;
            lastKnownFileType = sourcecode.swift;
            name = 'JSON.swift';
            sourceTree = '<group>';
        };
        '__PBXFileRef_Packages/C7-0.8.1/Sources/Number.swift' = {
            isa = PBXFileReference;
            lastKnownFileType = sourcecode.swift;
            name = 'Number.swift';
            sourceTree = '<group>';
        };
        '__PBXFileRef_Packages/C7-0.8.1/Sources/Stream.swift' = {
            isa = PBXFileReference;
            lastKnownFileType = sourcecode.swift;
            name = 'Stream.swift';
            sourceTree = '<group>';
        };
        '__PBXFileRef_Packages/C7-0.8.1/Sources/StreamError.swift' = {
            isa = PBXFileReference;
            lastKnownFileType = sourcecode.swift;
            name = 'StreamError.swift';
            sourceTree = '<group>';
        };
        '__PBXFileRef_Packages/C7-0.8.1/Sources/StreamSequence.swift' = {
            isa = PBXFileReference;
            lastKnownFileType = sourcecode.swift;
            name = 'StreamSequence.swift';
            sourceTree = '<group>';
        };
        '__PBXFileRef_Packages/C7-0.8.1/Sources/StructuredData.swift' = {
            isa = PBXFileReference;
            lastKnownFileType = sourcecode.swift;
            name = 'StructuredData.swift';
            sourceTree = '<group>';
        };
        '__PBXFileRef_Packages/C7-0.8.1/Sources/Time.swift' = {
            isa = PBXFileReference;
            lastKnownFileType = sourcecode.swift;
            name = 'Time.swift';
            sourceTree = '<group>';
        };
        '__PBXFileRef_Packages/C7-0.8.1/Sources/URI.swift' = {
            isa = PBXFileReference;
            lastKnownFileType = sourcecode.swift;
            name = 'URI.swift';
            sourceTree = '<group>';
        };
        '__PBXFileRef_Packages/C7-0.8.1/Sources/URIConnection.swift' = {
            isa = PBXFileReference;
            lastKnownFileType = sourcecode.swift;
            name = 'URIConnection.swift';
            sourceTree = '<group>';
        };
        ______Target_C7 = {
            isa = PBXNativeTarget;
            buildConfigurationList = _______Confs_C7;
            buildPhases = (CompilePhase_C7, ___LinkPhase_C7);
            buildRules = ();
            dependencies = ();
            name = C7;
            productName = C7;
            productReference = _____Product_C7;
            productType = 'com.apple.product-type.library.dynamic';
        };
        _____Product_C7 = {
            isa = PBXFileReference;
            explicitFileType = 'compiled.mach-o.dylib';
            path = 'libC7.dylib';
            sourceTree = BUILT_PRODUCTS_DIR;
        };
        CompilePhase_C7 = {
            isa = PBXSourcesBuildPhase;
            files = ('__src_cc_ref_Packages/C7-0.8.1/Sources/AsyncConnection.swift', '__src_cc_ref_Packages/C7-0.8.1/Sources/AsyncDrain.swift', '__src_cc_ref_Packages/C7-0.8.1/Sources/AsyncHost.swift', '__src_cc_ref_Packages/C7-0.8.1/Sources/AsyncStream.swift', '__src_cc_ref_Packages/C7-0.8.1/Sources/AsyncURIConnection.swift', '__src_cc_ref_Packages/C7-0.8.1/Sources/Byte.swift', '__src_cc_ref_Packages/C7-0.8.1/Sources/C7.swift', '__src_cc_ref_Packages/C7-0.8.1/Sources/CaseInsensitiveString.swift', '__src_cc_ref_Packages/C7-0.8.1/Sources/Closable.swift', '__src_cc_ref_Packages/C7-0.8.1/Sources/Connection.swift', '__src_cc_ref_Packages/C7-0.8.1/Sources/CustomDataStore.swift', '__src_cc_ref_Packages/C7-0.8.1/Sources/Data.swift', '__src_cc_ref_Packages/C7-0.8.1/Sources/Drain.swift', '__src_cc_ref_Packages/C7-0.8.1/Sources/Host.swift', '__src_cc_ref_Packages/C7-0.8.1/Sources/JSON.swift', '__src_cc_ref_Packages/C7-0.8.1/Sources/Number.swift', '__src_cc_ref_Packages/C7-0.8.1/Sources/Stream.swift', '__src_cc_ref_Packages/C7-0.8.1/Sources/StreamError.swift', '__src_cc_ref_Packages/C7-0.8.1/Sources/StreamSequence.swift', '__src_cc_ref_Packages/C7-0.8.1/Sources/StructuredData.swift', '__src_cc_ref_Packages/C7-0.8.1/Sources/Time.swift', '__src_cc_ref_Packages/C7-0.8.1/Sources/URI.swift', '__src_cc_ref_Packages/C7-0.8.1/Sources/URIConnection.swift');
            runOnlyForDeploymentPostprocessing = 0;
        };
        '__src_cc_ref_Packages/C7-0.8.1/Sources/AsyncConnection.swift' = {
            isa = PBXBuildFile;
            fileRef = '__PBXFileRef_Packages/C7-0.8.1/Sources/AsyncConnection.swift';
        };
        '__src_cc_ref_Packages/C7-0.8.1/Sources/AsyncDrain.swift' = {
            isa = PBXBuildFile;
            fileRef = '__PBXFileRef_Packages/C7-0.8.1/Sources/AsyncDrain.swift';
        };
        '__src_cc_ref_Packages/C7-0.8.1/Sources/AsyncHost.swift' = {
            isa = PBXBuildFile;
            fileRef = '__PBXFileRef_Packages/C7-0.8.1/Sources/AsyncHost.swift';
        };
        '__src_cc_ref_Packages/C7-0.8.1/Sources/AsyncStream.swift' = {
            isa = PBXBuildFile;
            fileRef = '__PBXFileRef_Packages/C7-0.8.1/Sources/AsyncStream.swift';
        };
        '__src_cc_ref_Packages/C7-0.8.1/Sources/AsyncURIConnection.swift' = {
            isa = PBXBuildFile;
            fileRef = '__PBXFileRef_Packages/C7-0.8.1/Sources/AsyncURIConnection.swift';
        };
        '__src_cc_ref_Packages/C7-0.8.1/Sources/Byte.swift' = {
            isa = PBXBuildFile;
            fileRef = '__PBXFileRef_Packages/C7-0.8.1/Sources/Byte.swift';
        };
        '__src_cc_ref_Packages/C7-0.8.1/Sources/C7.swift' = {
            isa = PBXBuildFile;
            fileRef = '__PBXFileRef_Packages/C7-0.8.1/Sources/C7.swift';
        };
        '__src_cc_ref_Packages/C7-0.8.1/Sources/CaseInsensitiveString.swift' = {
            isa = PBXBuildFile;
            fileRef = '__PBXFileRef_Packages/C7-0.8.1/Sources/CaseInsensitiveString.swift';
        };
        '__src_cc_ref_Packages/C7-0.8.1/Sources/Closable.swift' = {
            isa = PBXBuildFile;
            fileRef = '__PBXFileRef_Packages/C7-0.8.1/Sources/Closable.swift';
        };
        '__src_cc_ref_Packages/C7-0.8.1/Sources/Connection.swift' = {
            isa = PBXBuildFile;
            fileRef = '__PBXFileRef_Packages/C7-0.8.1/Sources/Connection.swift';
        };
        '__src_cc_ref_Packages/C7-0.8.1/Sources/CustomDataStore.swift' = {
            isa = PBXBuildFile;
            fileRef = '__PBXFileRef_Packages/C7-0.8.1/Sources/CustomDataStore.swift';
        };
        '__src_cc_ref_Packages/C7-0.8.1/Sources/Data.swift' = {
            isa = PBXBuildFile;
            fileRef = '__PBXFileRef_Packages/C7-0.8.1/Sources/Data.swift';
        };
        '__src_cc_ref_Packages/C7-0.8.1/Sources/Drain.swift' = {
            isa = PBXBuildFile;
            fileRef = '__PBXFileRef_Packages/C7-0.8.1/Sources/Drain.swift';
        };
        '__src_cc_ref_Packages/C7-0.8.1/Sources/Host.swift' = {
            isa = PBXBuildFile;
            fileRef = '__PBXFileRef_Packages/C7-0.8.1/Sources/Host.swift';
        };
        '__src_cc_ref_Packages/C7-0.8.1/Sources/JSON.swift' = {
            isa = PBXBuildFile;
            fileRef = '__PBXFileRef_Packages/C7-0.8.1/Sources/JSON.swift';
        };
        '__src_cc_ref_Packages/C7-0.8.1/Sources/Number.swift' = {
            isa = PBXBuildFile;
            fileRef = '__PBXFileRef_Packages/C7-0.8.1/Sources/Number.swift';
        };
        '__src_cc_ref_Packages/C7-0.8.1/Sources/Stream.swift' = {
            isa = PBXBuildFile;
            fileRef = '__PBXFileRef_Packages/C7-0.8.1/Sources/Stream.swift';
        };
        '__src_cc_ref_Packages/C7-0.8.1/Sources/StreamError.swift' = {
            isa = PBXBuildFile;
            fileRef = '__PBXFileRef_Packages/C7-0.8.1/Sources/StreamError.swift';
        };
        '__src_cc_ref_Packages/C7-0.8.1/Sources/StreamSequence.swift' = {
            isa = PBXBuildFile;
            fileRef = '__PBXFileRef_Packages/C7-0.8.1/Sources/StreamSequence.swift';
        };
        '__src_cc_ref_Packages/C7-0.8.1/Sources/StructuredData.swift' = {
            isa = PBXBuildFile;
            fileRef = '__PBXFileRef_Packages/C7-0.8.1/Sources/StructuredData.swift';
        };
        '__src_cc_ref_Packages/C7-0.8.1/Sources/Time.swift' = {
            isa = PBXBuildFile;
            fileRef = '__PBXFileRef_Packages/C7-0.8.1/Sources/Time.swift';
        };
        '__src_cc_ref_Packages/C7-0.8.1/Sources/URI.swift' = {
            isa = PBXBuildFile;
            fileRef = '__PBXFileRef_Packages/C7-0.8.1/Sources/URI.swift';
        };
        '__src_cc_ref_Packages/C7-0.8.1/Sources/URIConnection.swift' = {
            isa = PBXBuildFile;
            fileRef = '__PBXFileRef_Packages/C7-0.8.1/Sources/URIConnection.swift';
        };
        ___LinkPhase_C7 = {
            isa = PBXFrameworksBuildPhase;
            files = ();
            runOnlyForDeploymentPostprocessing = 0;
        };
        _______Confs_C7 = {
            isa = XCConfigurationList;
            buildConfigurations = (___DebugConf_C7, _ReleaseConf_C7);
            defaultConfigurationIsVisible = 0;
            defaultConfigurationName = Debug;
        };
        ___DebugConf_C7 = {
            isa = XCBuildConfiguration;
            buildSettings = { LD_RUNPATH_SEARCH_PATHS = '$(TOOLCHAIN_DIR)/usr/lib/swift/macosx'; PRODUCT_MODULE_NAME = '$(TARGET_NAME:c99extidentifier)'; ENABLE_TESTABILITY = 'YES'; OTHER_SWIFT_FLAGS = '$(inherited)'; SWIFT_OPTIMIZATION_LEVEL = '-Onone'; OTHER_LDFLAGS = '$(inherited)'; PRODUCT_NAME = 'lib$(TARGET_NAME)'; };
            name = Debug;
        };
        _ReleaseConf_C7 = {
            isa = XCBuildConfiguration;
            buildSettings = { LD_RUNPATH_SEARCH_PATHS = '$(TOOLCHAIN_DIR)/usr/lib/swift/macosx'; PRODUCT_MODULE_NAME = '$(TARGET_NAME:c99extidentifier)'; ENABLE_TESTABILITY = 'YES'; OTHER_LDFLAGS = '$(inherited)'; PRODUCT_NAME = 'lib$(TARGET_NAME)'; OTHER_SWIFT_FLAGS = '$(inherited)'; };
            name = Release;
        };
        __Dependency_C7 = {
            isa = PBXTargetDependency;
            target = ______Target_C7;
        };
        _______Group_Venice = {
            isa = PBXGroup;
            name = Venice;
            path = 'Packages/Venice-0.7.2/Source/Venice';
            sourceTree = '<group>';
            children = ('__PBXFileRef_Packages/Venice-0.7.2/Source/Venice/Channel/Channel.swift', '__PBXFileRef_Packages/Venice-0.7.2/Source/Venice/Channel/ReceivingChannel.swift', '__PBXFileRef_Packages/Venice-0.7.2/Source/Venice/Channel/SendingChannel.swift', '__PBXFileRef_Packages/Venice-0.7.2/Source/Venice/Coroutine/Coroutine.swift', '__PBXFileRef_Packages/Venice-0.7.2/Source/Venice/FallibleChannel/FallibleChannel.swift', '__PBXFileRef_Packages/Venice-0.7.2/Source/Venice/FallibleChannel/FallibleReceivingChannel.swift', '__PBXFileRef_Packages/Venice-0.7.2/Source/Venice/FallibleChannel/FallibleSendingChannel.swift', '__PBXFileRef_Packages/Venice-0.7.2/Source/Venice/Poll/Poll.swift', '__PBXFileRef_Packages/Venice-0.7.2/Source/Venice/Select/Select.swift', '__PBXFileRef_Packages/Venice-0.7.2/Source/Venice/Ticker/Ticker.swift', '__PBXFileRef_Packages/Venice-0.7.2/Source/Venice/TImer/Timer.swift');
        };
        '__PBXFileRef_Packages/Venice-0.7.2/Source/Venice/Channel/Channel.swift' = {
            isa = PBXFileReference;
            lastKnownFileType = sourcecode.swift;
            name = 'Channel/Channel.swift';
            sourceTree = '<group>';
        };
        '__PBXFileRef_Packages/Venice-0.7.2/Source/Venice/Channel/ReceivingChannel.swift' = {
            isa = PBXFileReference;
            lastKnownFileType = sourcecode.swift;
            name = 'Channel/ReceivingChannel.swift';
            sourceTree = '<group>';
        };
        '__PBXFileRef_Packages/Venice-0.7.2/Source/Venice/Channel/SendingChannel.swift' = {
            isa = PBXFileReference;
            lastKnownFileType = sourcecode.swift;
            name = 'Channel/SendingChannel.swift';
            sourceTree = '<group>';
        };
        '__PBXFileRef_Packages/Venice-0.7.2/Source/Venice/Coroutine/Coroutine.swift' = {
            isa = PBXFileReference;
            lastKnownFileType = sourcecode.swift;
            name = 'Coroutine/Coroutine.swift';
            sourceTree = '<group>';
        };
        '__PBXFileRef_Packages/Venice-0.7.2/Source/Venice/FallibleChannel/FallibleChannel.swift' = {
            isa = PBXFileReference;
            lastKnownFileType = sourcecode.swift;
            name = 'FallibleChannel/FallibleChannel.swift';
            sourceTree = '<group>';
        };
        '__PBXFileRef_Packages/Venice-0.7.2/Source/Venice/FallibleChannel/FallibleReceivingChannel.swift' = {
            isa = PBXFileReference;
            lastKnownFileType = sourcecode.swift;
            name = 'FallibleChannel/FallibleReceivingChannel.swift';
            sourceTree = '<group>';
        };
        '__PBXFileRef_Packages/Venice-0.7.2/Source/Venice/FallibleChannel/FallibleSendingChannel.swift' = {
            isa = PBXFileReference;
            lastKnownFileType = sourcecode.swift;
            name = 'FallibleChannel/FallibleSendingChannel.swift';
            sourceTree = '<group>';
        };
        '__PBXFileRef_Packages/Venice-0.7.2/Source/Venice/Poll/Poll.swift' = {
            isa = PBXFileReference;
            lastKnownFileType = sourcecode.swift;
            name = 'Poll/Poll.swift';
            sourceTree = '<group>';
        };
        '__PBXFileRef_Packages/Venice-0.7.2/Source/Venice/Select/Select.swift' = {
            isa = PBXFileReference;
            lastKnownFileType = sourcecode.swift;
            name = 'Select/Select.swift';
            sourceTree = '<group>';
        };
        '__PBXFileRef_Packages/Venice-0.7.2/Source/Venice/Ticker/Ticker.swift' = {
            isa = PBXFileReference;
            lastKnownFileType = sourcecode.swift;
            name = 'Ticker/Ticker.swift';
            sourceTree = '<group>';
        };
        '__PBXFileRef_Packages/Venice-0.7.2/Source/Venice/TImer/Timer.swift' = {
            isa = PBXFileReference;
            lastKnownFileType = sourcecode.swift;
            name = 'TImer/Timer.swift';
            sourceTree = '<group>';
        };
        ______Target_Venice = {
            isa = PBXNativeTarget;
            buildConfigurationList = _______Confs_Venice;
            buildPhases = (CompilePhase_Venice, ___LinkPhase_Venice);
            buildRules = ();
            dependencies = (__Dependency_C7, __Dependency_CLibvenice);
            name = Venice;
            productName = Venice;
            productReference = _____Product_Venice;
            productType = 'com.apple.product-type.library.dynamic';
        };
        _____Product_Venice = {
            isa = PBXFileReference;
            explicitFileType = 'compiled.mach-o.dylib';
            path = 'libVenice.dylib';
            sourceTree = BUILT_PRODUCTS_DIR;
        };
        CompilePhase_Venice = {
            isa = PBXSourcesBuildPhase;
            files = ('__src_cc_ref_Packages/Venice-0.7.2/Source/Venice/Channel/Channel.swift', '__src_cc_ref_Packages/Venice-0.7.2/Source/Venice/Channel/ReceivingChannel.swift', '__src_cc_ref_Packages/Venice-0.7.2/Source/Venice/Channel/SendingChannel.swift', '__src_cc_ref_Packages/Venice-0.7.2/Source/Venice/Coroutine/Coroutine.swift', '__src_cc_ref_Packages/Venice-0.7.2/Source/Venice/FallibleChannel/FallibleChannel.swift', '__src_cc_ref_Packages/Venice-0.7.2/Source/Venice/FallibleChannel/FallibleReceivingChannel.swift', '__src_cc_ref_Packages/Venice-0.7.2/Source/Venice/FallibleChannel/FallibleSendingChannel.swift', '__src_cc_ref_Packages/Venice-0.7.2/Source/Venice/Poll/Poll.swift', '__src_cc_ref_Packages/Venice-0.7.2/Source/Venice/Select/Select.swift', '__src_cc_ref_Packages/Venice-0.7.2/Source/Venice/Ticker/Ticker.swift', '__src_cc_ref_Packages/Venice-0.7.2/Source/Venice/TImer/Timer.swift');
            runOnlyForDeploymentPostprocessing = 0;
        };
        '__src_cc_ref_Packages/Venice-0.7.2/Source/Venice/Channel/Channel.swift' = {
            isa = PBXBuildFile;
            fileRef = '__PBXFileRef_Packages/Venice-0.7.2/Source/Venice/Channel/Channel.swift';
        };
        '__src_cc_ref_Packages/Venice-0.7.2/Source/Venice/Channel/ReceivingChannel.swift' = {
            isa = PBXBuildFile;
            fileRef = '__PBXFileRef_Packages/Venice-0.7.2/Source/Venice/Channel/ReceivingChannel.swift';
        };
        '__src_cc_ref_Packages/Venice-0.7.2/Source/Venice/Channel/SendingChannel.swift' = {
            isa = PBXBuildFile;
            fileRef = '__PBXFileRef_Packages/Venice-0.7.2/Source/Venice/Channel/SendingChannel.swift';
        };
        '__src_cc_ref_Packages/Venice-0.7.2/Source/Venice/Coroutine/Coroutine.swift' = {
            isa = PBXBuildFile;
            fileRef = '__PBXFileRef_Packages/Venice-0.7.2/Source/Venice/Coroutine/Coroutine.swift';
        };
        '__src_cc_ref_Packages/Venice-0.7.2/Source/Venice/FallibleChannel/FallibleChannel.swift' = {
            isa = PBXBuildFile;
            fileRef = '__PBXFileRef_Packages/Venice-0.7.2/Source/Venice/FallibleChannel/FallibleChannel.swift';
        };
        '__src_cc_ref_Packages/Venice-0.7.2/Source/Venice/FallibleChannel/FallibleReceivingChannel.swift' = {
            isa = PBXBuildFile;
            fileRef = '__PBXFileRef_Packages/Venice-0.7.2/Source/Venice/FallibleChannel/FallibleReceivingChannel.swift';
        };
        '__src_cc_ref_Packages/Venice-0.7.2/Source/Venice/FallibleChannel/FallibleSendingChannel.swift' = {
            isa = PBXBuildFile;
            fileRef = '__PBXFileRef_Packages/Venice-0.7.2/Source/Venice/FallibleChannel/FallibleSendingChannel.swift';
        };
        '__src_cc_ref_Packages/Venice-0.7.2/Source/Venice/Poll/Poll.swift' = {
            isa = PBXBuildFile;
            fileRef = '__PBXFileRef_Packages/Venice-0.7.2/Source/Venice/Poll/Poll.swift';
        };
        '__src_cc_ref_Packages/Venice-0.7.2/Source/Venice/Select/Select.swift' = {
            isa = PBXBuildFile;
            fileRef = '__PBXFileRef_Packages/Venice-0.7.2/Source/Venice/Select/Select.swift';
        };
        '__src_cc_ref_Packages/Venice-0.7.2/Source/Venice/Ticker/Ticker.swift' = {
            isa = PBXBuildFile;
            fileRef = '__PBXFileRef_Packages/Venice-0.7.2/Source/Venice/Ticker/Ticker.swift';
        };
        '__src_cc_ref_Packages/Venice-0.7.2/Source/Venice/TImer/Timer.swift' = {
            isa = PBXBuildFile;
            fileRef = '__PBXFileRef_Packages/Venice-0.7.2/Source/Venice/TImer/Timer.swift';
        };
        ___LinkPhase_Venice = {
            isa = PBXFrameworksBuildPhase;
            files = (_LinkFileRef_C7_via_Venice, _LinkFileRef_CLibvenice_via_Venice);
            runOnlyForDeploymentPostprocessing = 0;
        };
        _LinkFileRef_C7_via_Venice = {
            isa = PBXBuildFile;
            fileRef = _____Product_C7;
        };
        _LinkFileRef_CLibvenice_via_Venice = {
            isa = PBXBuildFile;
            fileRef = _____Product_CLibvenice;
        };
        _______Confs_Venice = {
            isa = XCConfigurationList;
            buildConfigurations = (___DebugConf_Venice, _ReleaseConf_Venice);
            defaultConfigurationIsVisible = 0;
            defaultConfigurationName = Debug;
        };
        ___DebugConf_Venice = {
            isa = XCBuildConfiguration;
            buildSettings = { LD_RUNPATH_SEARCH_PATHS = '$(TOOLCHAIN_DIR)/usr/lib/swift/macosx'; PRODUCT_MODULE_NAME = '$(TARGET_NAME:c99extidentifier)'; ENABLE_TESTABILITY = 'YES'; OTHER_SWIFT_FLAGS = '$(inherited)'; SWIFT_OPTIMIZATION_LEVEL = '-Onone'; HEADER_SEARCH_PATHS = '/Users/kawauso/Desktop/Zewo/oogiri-org/Redis/Packages/CLibvenice-0.5.1/Sources/include'; OTHER_LDFLAGS = '$(inherited)'; PRODUCT_NAME = 'lib$(TARGET_NAME)'; };
            name = Debug;
        };
        _ReleaseConf_Venice = {
            isa = XCBuildConfiguration;
            buildSettings = { LD_RUNPATH_SEARCH_PATHS = '$(TOOLCHAIN_DIR)/usr/lib/swift/macosx'; PRODUCT_MODULE_NAME = '$(TARGET_NAME:c99extidentifier)'; ENABLE_TESTABILITY = 'YES'; OTHER_SWIFT_FLAGS = '$(inherited)'; HEADER_SEARCH_PATHS = '/Users/kawauso/Desktop/Zewo/oogiri-org/Redis/Packages/CLibvenice-0.5.1/Sources/include'; OTHER_LDFLAGS = '$(inherited)'; PRODUCT_NAME = 'lib$(TARGET_NAME)'; };
            name = Release;
        };
        __Dependency_Venice = {
            isa = PBXTargetDependency;
            target = ______Target_Venice;
        };
        _______Group_POSIX = {
            isa = PBXGroup;
            name = POSIX;
            path = 'Packages/POSIX-0.5.1/Sources';
            sourceTree = '<group>';
            children = ('__PBXFileRef_Packages/POSIX-0.5.1/Sources/POSIX.swift');
        };
        '__PBXFileRef_Packages/POSIX-0.5.1/Sources/POSIX.swift' = {
            isa = PBXFileReference;
            lastKnownFileType = sourcecode.swift;
            name = 'POSIX.swift';
            sourceTree = '<group>';
        };
        ______Target_POSIX = {
            isa = PBXNativeTarget;
            buildConfigurationList = _______Confs_POSIX;
            buildPhases = (CompilePhase_POSIX, ___LinkPhase_POSIX);
            buildRules = ();
            dependencies = ();
            name = POSIX;
            productName = POSIX;
            productReference = _____Product_POSIX;
            productType = 'com.apple.product-type.library.dynamic';
        };
        _____Product_POSIX = {
            isa = PBXFileReference;
            explicitFileType = 'compiled.mach-o.dylib';
            path = 'libPOSIX.dylib';
            sourceTree = BUILT_PRODUCTS_DIR;
        };
        CompilePhase_POSIX = {
            isa = PBXSourcesBuildPhase;
            files = ('__src_cc_ref_Packages/POSIX-0.5.1/Sources/POSIX.swift');
            runOnlyForDeploymentPostprocessing = 0;
        };
        '__src_cc_ref_Packages/POSIX-0.5.1/Sources/POSIX.swift' = {
            isa = PBXBuildFile;
            fileRef = '__PBXFileRef_Packages/POSIX-0.5.1/Sources/POSIX.swift';
        };
        ___LinkPhase_POSIX = {
            isa = PBXFrameworksBuildPhase;
            files = ();
            runOnlyForDeploymentPostprocessing = 0;
        };
        _______Confs_POSIX = {
            isa = XCConfigurationList;
            buildConfigurations = (___DebugConf_POSIX, _ReleaseConf_POSIX);
            defaultConfigurationIsVisible = 0;
            defaultConfigurationName = Debug;
        };
        ___DebugConf_POSIX = {
            isa = XCBuildConfiguration;
            buildSettings = { LD_RUNPATH_SEARCH_PATHS = '$(TOOLCHAIN_DIR)/usr/lib/swift/macosx'; PRODUCT_MODULE_NAME = '$(TARGET_NAME:c99extidentifier)'; ENABLE_TESTABILITY = 'YES'; OTHER_SWIFT_FLAGS = '$(inherited)'; SWIFT_OPTIMIZATION_LEVEL = '-Onone'; OTHER_LDFLAGS = '$(inherited)'; PRODUCT_NAME = 'lib$(TARGET_NAME)'; };
            name = Debug;
        };
        _ReleaseConf_POSIX = {
            isa = XCBuildConfiguration;
            buildSettings = { LD_RUNPATH_SEARCH_PATHS = '$(TOOLCHAIN_DIR)/usr/lib/swift/macosx'; PRODUCT_MODULE_NAME = '$(TARGET_NAME:c99extidentifier)'; ENABLE_TESTABILITY = 'YES'; OTHER_LDFLAGS = '$(inherited)'; PRODUCT_NAME = 'lib$(TARGET_NAME)'; OTHER_SWIFT_FLAGS = '$(inherited)'; };
            name = Release;
        };
        __Dependency_POSIX = {
            isa = PBXTargetDependency;
            target = ______Target_POSIX;
        };
        _______Group_IP = {
            isa = PBXGroup;
            name = IP;
            path = 'Packages/IP-0.7.0/Source';
            sourceTree = '<group>';
            children = ('__PBXFileRef_Packages/IP-0.7.0/Source/IP.swift');
        };
        '__PBXFileRef_Packages/IP-0.7.0/Source/IP.swift' = {
            isa = PBXFileReference;
            lastKnownFileType = sourcecode.swift;
            name = 'IP.swift';
            sourceTree = '<group>';
        };
        ______Target_IP = {
            isa = PBXNativeTarget;
            buildConfigurationList = _______Confs_IP;
            buildPhases = (CompilePhase_IP, ___LinkPhase_IP);
            buildRules = ();
            dependencies = (__Dependency_C7, __Dependency_CLibvenice, __Dependency_POSIX, __Dependency_Venice);
            name = IP;
            productName = IP;
            productReference = _____Product_IP;
            productType = 'com.apple.product-type.library.dynamic';
        };
        _____Product_IP = {
            isa = PBXFileReference;
            explicitFileType = 'compiled.mach-o.dylib';
            path = 'libIP.dylib';
            sourceTree = BUILT_PRODUCTS_DIR;
        };
        CompilePhase_IP = {
            isa = PBXSourcesBuildPhase;
            files = ('__src_cc_ref_Packages/IP-0.7.0/Source/IP.swift');
            runOnlyForDeploymentPostprocessing = 0;
        };
        '__src_cc_ref_Packages/IP-0.7.0/Source/IP.swift' = {
            isa = PBXBuildFile;
            fileRef = '__PBXFileRef_Packages/IP-0.7.0/Source/IP.swift';
        };
        ___LinkPhase_IP = {
            isa = PBXFrameworksBuildPhase;
            files = (_LinkFileRef_C7_via_IP, _LinkFileRef_CLibvenice_via_IP, _LinkFileRef_POSIX_via_IP, _LinkFileRef_Venice_via_IP);
            runOnlyForDeploymentPostprocessing = 0;
        };
        _LinkFileRef_C7_via_IP = {
            isa = PBXBuildFile;
            fileRef = _____Product_C7;
        };
        _LinkFileRef_CLibvenice_via_IP = {
            isa = PBXBuildFile;
            fileRef = _____Product_CLibvenice;
        };
        _LinkFileRef_POSIX_via_IP = {
            isa = PBXBuildFile;
            fileRef = _____Product_POSIX;
        };
        _LinkFileRef_Venice_via_IP = {
            isa = PBXBuildFile;
            fileRef = _____Product_Venice;
        };
        _______Confs_IP = {
            isa = XCConfigurationList;
            buildConfigurations = (___DebugConf_IP, _ReleaseConf_IP);
            defaultConfigurationIsVisible = 0;
            defaultConfigurationName = Debug;
        };
        ___DebugConf_IP = {
            isa = XCBuildConfiguration;
            buildSettings = { LD_RUNPATH_SEARCH_PATHS = '$(TOOLCHAIN_DIR)/usr/lib/swift/macosx'; PRODUCT_MODULE_NAME = '$(TARGET_NAME:c99extidentifier)'; ENABLE_TESTABILITY = 'YES'; OTHER_SWIFT_FLAGS = '$(inherited)'; SWIFT_OPTIMIZATION_LEVEL = '-Onone'; HEADER_SEARCH_PATHS = '/Users/kawauso/Desktop/Zewo/oogiri-org/Redis/Packages/CLibvenice-0.5.1/Sources/include'; OTHER_LDFLAGS = '$(inherited)'; PRODUCT_NAME = 'lib$(TARGET_NAME)'; };
            name = Debug;
        };
        _ReleaseConf_IP = {
            isa = XCBuildConfiguration;
            buildSettings = { LD_RUNPATH_SEARCH_PATHS = '$(TOOLCHAIN_DIR)/usr/lib/swift/macosx'; PRODUCT_MODULE_NAME = '$(TARGET_NAME:c99extidentifier)'; ENABLE_TESTABILITY = 'YES'; OTHER_SWIFT_FLAGS = '$(inherited)'; HEADER_SEARCH_PATHS = '/Users/kawauso/Desktop/Zewo/oogiri-org/Redis/Packages/CLibvenice-0.5.1/Sources/include'; OTHER_LDFLAGS = '$(inherited)'; PRODUCT_NAME = 'lib$(TARGET_NAME)'; };
            name = Release;
        };
        __Dependency_IP = {
            isa = PBXTargetDependency;
            target = ______Target_IP;
        };
        _______Group_TCP = {
            isa = PBXGroup;
            name = TCP;
            path = 'Packages/TCP-0.7.2/Source';
            sourceTree = '<group>';
            children = ('__PBXFileRef_Packages/TCP-0.7.2/Source/TCPConnection.swift', '__PBXFileRef_Packages/TCP-0.7.2/Source/TCPError.swift', '__PBXFileRef_Packages/TCP-0.7.2/Source/TCPServer.swift');
        };
        '__PBXFileRef_Packages/TCP-0.7.2/Source/TCPConnection.swift' = {
            isa = PBXFileReference;
            lastKnownFileType = sourcecode.swift;
            name = 'TCPConnection.swift';
            sourceTree = '<group>';
        };
        '__PBXFileRef_Packages/TCP-0.7.2/Source/TCPError.swift' = {
            isa = PBXFileReference;
            lastKnownFileType = sourcecode.swift;
            name = 'TCPError.swift';
            sourceTree = '<group>';
        };
        '__PBXFileRef_Packages/TCP-0.7.2/Source/TCPServer.swift' = {
            isa = PBXFileReference;
            lastKnownFileType = sourcecode.swift;
            name = 'TCPServer.swift';
            sourceTree = '<group>';
        };
        ______Target_TCP = {
            isa = PBXNativeTarget;
            buildConfigurationList = _______Confs_TCP;
            buildPhases = (CompilePhase_TCP, ___LinkPhase_TCP);
            buildRules = ();
            dependencies = (__Dependency_C7, __Dependency_CLibvenice, __Dependency_POSIX, __Dependency_Venice, __Dependency_IP);
            name = TCP;
            productName = TCP;
            productReference = _____Product_TCP;
            productType = 'com.apple.product-type.library.dynamic';
        };
        _____Product_TCP = {
            isa = PBXFileReference;
            explicitFileType = 'compiled.mach-o.dylib';
            path = 'libTCP.dylib';
            sourceTree = BUILT_PRODUCTS_DIR;
        };
        CompilePhase_TCP = {
            isa = PBXSourcesBuildPhase;
            files = ('__src_cc_ref_Packages/TCP-0.7.2/Source/TCPConnection.swift', '__src_cc_ref_Packages/TCP-0.7.2/Source/TCPError.swift', '__src_cc_ref_Packages/TCP-0.7.2/Source/TCPServer.swift');
            runOnlyForDeploymentPostprocessing = 0;
        };
        '__src_cc_ref_Packages/TCP-0.7.2/Source/TCPConnection.swift' = {
            isa = PBXBuildFile;
            fileRef = '__PBXFileRef_Packages/TCP-0.7.2/Source/TCPConnection.swift';
        };
        '__src_cc_ref_Packages/TCP-0.7.2/Source/TCPError.swift' = {
            isa = PBXBuildFile;
            fileRef = '__PBXFileRef_Packages/TCP-0.7.2/Source/TCPError.swift';
        };
        '__src_cc_ref_Packages/TCP-0.7.2/Source/TCPServer.swift' = {
            isa = PBXBuildFile;
            fileRef = '__PBXFileRef_Packages/TCP-0.7.2/Source/TCPServer.swift';
        };
        ___LinkPhase_TCP = {
            isa = PBXFrameworksBuildPhase;
            files = (_LinkFileRef_C7_via_TCP, _LinkFileRef_CLibvenice_via_TCP, _LinkFileRef_POSIX_via_TCP, _LinkFileRef_Venice_via_TCP, _LinkFileRef_IP_via_TCP);
            runOnlyForDeploymentPostprocessing = 0;
        };
        _LinkFileRef_C7_via_TCP = {
            isa = PBXBuildFile;
            fileRef = _____Product_C7;
        };
        _LinkFileRef_CLibvenice_via_TCP = {
            isa = PBXBuildFile;
            fileRef = _____Product_CLibvenice;
        };
        _LinkFileRef_POSIX_via_TCP = {
            isa = PBXBuildFile;
            fileRef = _____Product_POSIX;
        };
        _LinkFileRef_Venice_via_TCP = {
            isa = PBXBuildFile;
            fileRef = _____Product_Venice;
        };
        _LinkFileRef_IP_via_TCP = {
            isa = PBXBuildFile;
            fileRef = _____Product_IP;
        };
        _______Confs_TCP = {
            isa = XCConfigurationList;
            buildConfigurations = (___DebugConf_TCP, _ReleaseConf_TCP);
            defaultConfigurationIsVisible = 0;
            defaultConfigurationName = Debug;
        };
        ___DebugConf_TCP = {
            isa = XCBuildConfiguration;
            buildSettings = { LD_RUNPATH_SEARCH_PATHS = '$(TOOLCHAIN_DIR)/usr/lib/swift/macosx'; PRODUCT_MODULE_NAME = '$(TARGET_NAME:c99extidentifier)'; ENABLE_TESTABILITY = 'YES'; OTHER_SWIFT_FLAGS = '$(inherited)'; SWIFT_OPTIMIZATION_LEVEL = '-Onone'; HEADER_SEARCH_PATHS = '/Users/kawauso/Desktop/Zewo/oogiri-org/Redis/Packages/CLibvenice-0.5.1/Sources/include'; OTHER_LDFLAGS = '$(inherited)'; PRODUCT_NAME = 'lib$(TARGET_NAME)'; };
            name = Debug;
        };
        _ReleaseConf_TCP = {
            isa = XCBuildConfiguration;
            buildSettings = { LD_RUNPATH_SEARCH_PATHS = '$(TOOLCHAIN_DIR)/usr/lib/swift/macosx'; PRODUCT_MODULE_NAME = '$(TARGET_NAME:c99extidentifier)'; ENABLE_TESTABILITY = 'YES'; OTHER_SWIFT_FLAGS = '$(inherited)'; HEADER_SEARCH_PATHS = '/Users/kawauso/Desktop/Zewo/oogiri-org/Redis/Packages/CLibvenice-0.5.1/Sources/include'; OTHER_LDFLAGS = '$(inherited)'; PRODUCT_NAME = 'lib$(TARGET_NAME)'; };
            name = Release;
        };
        __Dependency_TCP = {
            isa = PBXTargetDependency;
            target = ______Target_TCP;
        };
        _______Group_Redis = {
            isa = PBXGroup;
            name = Redis;
            path = 'Sources';
            sourceTree = '<group>';
            children = ('__PBXFileRef_Sources/Commands.swift', '__PBXFileRef_Sources/Parser.swift', '__PBXFileRef_Sources/PubSub.swift', '__PBXFileRef_Sources/Redis.swift');
        };
        '__PBXFileRef_Sources/Commands.swift' = {
            isa = PBXFileReference;
            lastKnownFileType = sourcecode.swift;
            name = 'Commands.swift';
            sourceTree = '<group>';
        };
        '__PBXFileRef_Sources/Parser.swift' = {
            isa = PBXFileReference;
            lastKnownFileType = sourcecode.swift;
            name = 'Parser.swift';
            sourceTree = '<group>';
        };
        '__PBXFileRef_Sources/PubSub.swift' = {
            isa = PBXFileReference;
            lastKnownFileType = sourcecode.swift;
            name = 'PubSub.swift';
            sourceTree = '<group>';
        };
        '__PBXFileRef_Sources/Redis.swift' = {
            isa = PBXFileReference;
            lastKnownFileType = sourcecode.swift;
            name = 'Redis.swift';
            sourceTree = '<group>';
        };
        ______Target_Redis = {
            isa = PBXNativeTarget;
            buildConfigurationList = _______Confs_Redis;
            buildPhases = (CompilePhase_Redis, ___LinkPhase_Redis);
            buildRules = ();
            dependencies = (__Dependency_C7, __Dependency_CLibvenice, __Dependency_POSIX, __Dependency_Venice, __Dependency_IP, __Dependency_TCP);
            name = Redis;
            productName = Redis;
            productReference = _____Product_Redis;
            productType = 'com.apple.product-type.library.dynamic';
        };
        _____Product_Redis = {
            isa = PBXFileReference;
            explicitFileType = 'compiled.mach-o.dylib';
            path = 'libRedis.dylib';
            sourceTree = BUILT_PRODUCTS_DIR;
        };
        CompilePhase_Redis = {
            isa = PBXSourcesBuildPhase;
            files = ('__src_cc_ref_Sources/Commands.swift', '__src_cc_ref_Sources/Parser.swift', '__src_cc_ref_Sources/PubSub.swift', '__src_cc_ref_Sources/Redis.swift');
            runOnlyForDeploymentPostprocessing = 0;
        };
        '__src_cc_ref_Sources/Commands.swift' = {
            isa = PBXBuildFile;
            fileRef = '__PBXFileRef_Sources/Commands.swift';
        };
        '__src_cc_ref_Sources/Parser.swift' = {
            isa = PBXBuildFile;
            fileRef = '__PBXFileRef_Sources/Parser.swift';
        };
        '__src_cc_ref_Sources/PubSub.swift' = {
            isa = PBXBuildFile;
            fileRef = '__PBXFileRef_Sources/PubSub.swift';
        };
        '__src_cc_ref_Sources/Redis.swift' = {
            isa = PBXBuildFile;
            fileRef = '__PBXFileRef_Sources/Redis.swift';
        };
        ___LinkPhase_Redis = {
            isa = PBXFrameworksBuildPhase;
            files = (_LinkFileRef_C7_via_Redis, _LinkFileRef_CLibvenice_via_Redis, _LinkFileRef_POSIX_via_Redis, _LinkFileRef_Venice_via_Redis, _LinkFileRef_IP_via_Redis, _LinkFileRef_TCP_via_Redis);
            runOnlyForDeploymentPostprocessing = 0;
        };
        _LinkFileRef_C7_via_Redis = {
            isa = PBXBuildFile;
            fileRef = _____Product_C7;
        };
        _LinkFileRef_CLibvenice_via_Redis = {
            isa = PBXBuildFile;
            fileRef = _____Product_CLibvenice;
        };
        _LinkFileRef_POSIX_via_Redis = {
            isa = PBXBuildFile;
            fileRef = _____Product_POSIX;
        };
        _LinkFileRef_Venice_via_Redis = {
            isa = PBXBuildFile;
            fileRef = _____Product_Venice;
        };
        _LinkFileRef_IP_via_Redis = {
            isa = PBXBuildFile;
            fileRef = _____Product_IP;
        };
        _LinkFileRef_TCP_via_Redis = {
            isa = PBXBuildFile;
            fileRef = _____Product_TCP;
        };
        _______Confs_Redis = {
            isa = XCConfigurationList;
            buildConfigurations = (___DebugConf_Redis, _ReleaseConf_Redis);
            defaultConfigurationIsVisible = 0;
            defaultConfigurationName = Debug;
        };
        ___DebugConf_Redis = {
            isa = XCBuildConfiguration;
            buildSettings = { LD_RUNPATH_SEARCH_PATHS = '$(TOOLCHAIN_DIR)/usr/lib/swift/macosx'; PRODUCT_MODULE_NAME = '$(TARGET_NAME:c99extidentifier)'; ENABLE_TESTABILITY = 'YES'; OTHER_SWIFT_FLAGS = '$(inherited)'; SWIFT_OPTIMIZATION_LEVEL = '-Onone'; HEADER_SEARCH_PATHS = '/Users/kawauso/Desktop/Zewo/oogiri-org/Redis/Packages/CLibvenice-0.5.1/Sources/include'; OTHER_LDFLAGS = '$(inherited)'; PRODUCT_NAME = 'lib$(TARGET_NAME)'; };
            name = Debug;
        };
        _ReleaseConf_Redis = {
            isa = XCBuildConfiguration;
            buildSettings = { LD_RUNPATH_SEARCH_PATHS = '$(TOOLCHAIN_DIR)/usr/lib/swift/macosx'; PRODUCT_MODULE_NAME = '$(TARGET_NAME:c99extidentifier)'; ENABLE_TESTABILITY = 'YES'; OTHER_SWIFT_FLAGS = '$(inherited)'; HEADER_SEARCH_PATHS = '/Users/kawauso/Desktop/Zewo/oogiri-org/Redis/Packages/CLibvenice-0.5.1/Sources/include'; OTHER_LDFLAGS = '$(inherited)'; PRODUCT_NAME = 'lib$(TARGET_NAME)'; };
            name = Release;
        };
        __Dependency_Redis = {
            isa = PBXTargetDependency;
            target = ______Target_Redis;
        };
        '__PBXFileRef_Redis.xcodeproj/Configs/Project.xcconfig' = {
            isa = PBXFileReference;
            lastKnownFileType = text.xcconfig;
            name = 'Project.xcconfig';
            path = 'Redis.xcodeproj/Configs/Project.xcconfig';
            sourceTree = '<group>';
        };
        _____Configs_ = {
            isa = PBXGroup;
            children = ('__PBXFileRef_Redis.xcodeproj/Configs/Project.xcconfig');
            name = Configs;
            sourceTree = '<group>';
        };
        _____Sources_ = {
            isa = PBXGroup;
            children = (_______Group_CLibvenice, _______Group_C7, _______Group_Venice, _______Group_POSIX, _______Group_IP, _______Group_TCP, _______Group_Redis);
            name = Sources;
            sourceTree = '<group>';
        };
        Dependencies_ = {
            isa = PBXGroup;
            children = (_______Group_CLibvenice, _______Group_C7, _______Group_Venice, _______Group_POSIX, _______Group_IP, _______Group_TCP);
            name = Dependencies;
            sourceTree = '<group>';
        };
        ____Products_ = {
            isa = PBXGroup;
            children = (_____Product_CLibvenice, _____Product_C7, _____Product_Venice, _____Product_POSIX, _____Product_IP, _____Product_TCP, _____Product_Redis);
            name = Products;
            sourceTree = '<group>';
        };
        _______Debug_ = {
            isa = XCBuildConfiguration;
            baseConfigurationReference = '__PBXFileRef_Redis.xcodeproj/Configs/Project.xcconfig';
            buildSettings = {};
            name = Debug;
        };
        _____Release_ = {
            isa = XCBuildConfiguration;
            baseConfigurationReference = '__PBXFileRef_Redis.xcodeproj/Configs/Project.xcconfig';
            buildSettings = {};
            name = Release;
        };
        ___RootConfs_ = {
            isa = XCConfigurationList;
            buildConfigurations = (_______Debug_, _____Release_);
            defaultConfigurationIsVisible = 0;
            defaultConfigurationName = Debug;
        };
    };
}
